{
  "name": "seed-from-npm-lockfile-test",
  "version": "1.0.0",
  "lockfileVersion": 3,
  "requires": true,
  "packages": {
    "": {
      "name": "seed-from-npm-lockfile-test",
      "version": "1.0.0",
      "dependencies": {
        "@denotest/has-patch-versions": "^0.1.0"
      }
    },
    "node_modules/@denotest/has-patch-versions": {
      "version": "0.1.0",
      "resolved": "https://registry.npmjs.org/@denotest/has-patch-versions/-/has-patch-versions-0.1.0.tgz",
      "integrity": "sha512-H/MBo0jKDdMsX4AAGEGQbZj70nfNe3oUNZXbohYHhqf9EfpLnXp/7FC29ZdfV4+p6VjEcOGdCtXc6rilE6iYpg=="
    }
  }
}
