{
  "name": "package_lock_json_seed",
  "lockfileVersion": 3,
  "requires": true,
  "packages": {
    "": {
      "name": "package_lock_json_seed",
      "dependencies": {
        "@denotest/add": "^0.5.0",
        "@denotest/different-nested-dep": "^1.0.0",
        "@denotest/has-patch-versions": "^0.1",
        "@denotest/multiple-arch-deps": "^1.0.0",
        "@denotest/peer-dep-specific-constraint": "^1.0.0",
        "dn2": "npm:@denotest/needs-different-nested-dep-child-v2@^1.0.0"
      }
    },
    "node_modules/@denotest/add": {
      "version": "0.5.0",
      "resolved": "http://localhost:4260/@denotest/add/0.5.0.tgz",
      "integrity": "sha512-R2TWOrLTqR4SIcfDdUPudDtcDfNBWYB6I9F7A337Dq+1WIoTqkcCUHtZGWNyxNiaEwyDiwzMKO6ILvCtZZXzQg=="
    },
    "node_modules/@denotest/different-nested-dep": {
      "version": "1.0.0",
      "resolved": "http://localhost:4260/@denotest/different-nested-dep/1.0.0.tgz",
      "integrity": "sha512-PIZfmNuc+jGwxf0DjPF6a+EXG7pySAc0R9fB2u7nW8NyAKzbMbNT3nMlxKA/mIxeZzhY+1uuG/4RsBKL+7LgxQ==",
      "dependencies": {
        "@denotest/different-nested-dep-child": "1.0.0"
      }
    },
    "node_modules/@denotest/different-nested-dep-child": {
      "version": "1.0.0",
      "resolved": "http://localhost:4260/@denotest/different-nested-dep-child/1.0.0.tgz",
      "integrity": "sha512-jcu6XMrxJcnrsLWQUubIntMg1ZTaroESjl2O2AJXWi75+QGe367B9bHQGpoeHM4RFTNAQwkzXiTxh0pK9CzQLQ=="
    },
    "node_modules/@denotest/has-patch-versions": {
      "version": "0.1.0",
      "resolved": "http://localhost:4260/@denotest/has-patch-versions/0.1.0.tgz",
      "integrity": "sha512-FvCaEQEq2+F05TZkKNaNeWFpbgt2rB+rVdvTYgWxP1eWq6yJdqdhYf4DgiWQmxTH1YmutwCYLx5BtADp4OcuwA=="
    },
    "node_modules/@denotest/multiple-arch-deps": {
      "version": "1.0.0",
      "resolved": "http://localhost:4260/@denotest/multiple-arch-deps/1.0.0.tgz",
      "integrity": "sha512-6OA6YuvdeFAFbYhDQrajQ5DM6Bk74iGGQNWHQ0lVwM4r7rGNKOid6j4JKhx3h/ruNEjATxNN/DHz7JsOX5F25A==",
      "optionalDependencies": {
        "@denotest/multiple-arches-win32-arm64": "1.0.0",
        "@denotest/multiple-arches-win32-x64": "1.0.0"
      }
    },
    "node_modules/@denotest/multiple-arches-win32-arm64": {
      "version": "1.0.0",
      "resolved": "http://localhost:4260/@denotest/multiple-arches-win32-arm64/1.0.0.tgz",
      "integrity": "sha512-UlTjowBzwpHX2PkqCrg5htCPaCDaZrbsUOSVFZRInZuqqlojsOAuiqNgi5sIMmzqgMroLgacSThdH5ia+Jmoig==",
      "cpu": [
        "arm64"
      ],
      "optional": true,
      "os": [
        "win32"
      ]
    },
    "node_modules/@denotest/multiple-arches-win32-x64": {
      "version": "1.0.0",
      "resolved": "http://localhost:4260/@denotest/multiple-arches-win32-x64/1.0.0.tgz",
      "integrity": "sha512-tjm777JzXKEgqhYo7fpTadicJzNuTV+PEJGu7L1vdxWFF+0MYmdAPmRBhLwlatrG/TUDHm5TXWRDrLplvPaqLg==",
      "cpu": [
        "x64"
      ],
      "optional": true,
      "os": [
        "win32"
      ]
    },
    "node_modules/@denotest/peer-dep-specific-constraint": {
      "version": "1.0.0",
      "resolved": "http://localhost:4260/@denotest/peer-dep-specific-constraint/1.0.0.tgz",
      "integrity": "sha512-Ykce2+nb5V/Wj7OxpIAE35m1vwyvMDxOIrcvtRuRzcPL2UTb9wYwvi+EucmFa5oRX3Lb/1lQMK5mlzuDyLdeCw==",
      "peerDependencies": {
        "@denotest/add": "0.5"
      }
    },
    "node_modules/dn2": {
      "name": "@denotest/needs-different-nested-dep-child-v2",
      "version": "1.0.0",
      "resolved": "http://localhost:4260/@denotest/needs-different-nested-dep-child-v2/1.0.0.tgz",
      "integrity": "sha512-LRRs41gGx1q2XgpaML/oAyOVtaCjdFHQY8U3w8frKyhnwTlwlyY9eqvr+8d5qdsiQAOGW5ROkqgzO4k/EmhKiQ==",
      "dependencies": {
        "@denotest/different-nested-dep-child": "2.0.0"
      }
    },
    "node_modules/dn2/node_modules/@denotest/different-nested-dep-child": {
      "version": "2.0.0",
      "resolved": "http://localhost:4260/@denotest/different-nested-dep-child/2.0.0.tgz",
      "integrity": "sha512-YcdEbt3vLh5NEr4SNyYD5EGkNSvpaz90CcOBCpPZqWnIlO58ige7NOQK7a5Txh4vcx5TvuMYl0wfiEqKVvQMwQ=="
    }
  }
}
