{
  "name": "other_commands",
  "lockfileVersion": 3,
  "requires": true,
  "packages": {
    "": {
      "name": "other_commands",
      "dependencies": {
        "@denotest/has-patch-versions": "^0.1"
      }
    },
    "node_modules/@denotest/has-patch-versions": {
      "version": "0.1.0",
      "resolved": "http://localhost:4260/@denotest/has-patch-versions/0.1.0.tgz",
      "integrity": "sha512-FvCaEQEq2+F05TZkKNaNeWFpbgt2rB+rVdvTYgWxP1eWq6yJdqdhYf4DgiWQmxTH1YmutwCYLx5BtADp4OcuwA=="
    }
  }
}
